{
  "name": "owjs",
  "version": "0.0.1",
  "lockfileVersion": 1,
  "requires": true,
  "dependencies": {
    "acorn": {
      "version": "6.4.1",
      "resolved": "https://registry.npmjs.org/acorn/-/acorn-6.4.1.tgz",
      "integrity": "sha512-ZVA9k326Nwrj3Cj9jlh3wGFutC2ZornPNARZwsNYqQYgN0EsV2d53w5RN/co65Ohn4sUAUtb1rSUAOD6XN9idA=="
    },
    "acorn-walk": {
      "version": "6.1.1",
      "resolved": "https://registry.npmjs.org/acorn-walk/-/acorn-walk-6.1.1.tgz",
      "integrity": "sha512-OtUw6JUTgxA2QoqqmrmQ7F2NYqiBPi/L2jqHyFtllhOUvXYQXf0Z1CYUinIfyT4bTCGmrA7gX9FvHA81uzCoVw=="
    }
  }
}
